
Microsoft Visual Studio Solution File, Format Version 12.00
# Visual Studio Version 16
VisualStudioVersion = 16.0.29613.14
MinimumVisualStudioVersion = 10.0.40219.1
Project("{FAE04EC0-301F-11D3-BF4B-00C04F79EFBC}") = "VjezbeCsharp", "VjezbeCsharp.csproj", "{E9C04F36-34D1-4C95-BCC7-4354904D83FE}"
EndProject
Project("{FAE04EC0-301F-11D3-BF4B-00C04F79EFBC}") = "Vjezba1", "Vjezba1\Vjezba1.csproj", "{BDC41F89-2991-4A72-8EC3-A224AEB4B371}"
EndProject
Project("{FAE04EC0-301F-11D3-BF4B-00C04F79EFBC}") = "vjezba2", "vjezba2\vjezba2.csproj", "{88241E2C-BD2E-4732-A83A-13E93B0BE4D5}"
EndProject
Project("{FAE04EC0-301F-11D3-BF4B-00C04F79EFBC}") = "vjezba3", "vjezba3\vjezba3.csproj", "{AAA68A9D-D481-4C43-9964-AD50FB882AAE}"
EndProject
Project("{FAE04EC0-301F-11D3-BF4B-00C04F79EFBC}") = "vjezba4", "vjezba4\vjezba4.csproj", "{693B7C74-8555-4630-80FE-E8538DBFEEE0}"
EndProject
Project("{FAE04EC0-301F-11D3-BF4B-00C04F79EFBC}") = "vjezba5", "vjezba5\vjezba5.csproj", "{277F6B2B-9D51-405C-8432-1F5C52759E55}"
EndProject
Global
	GlobalSection(SolutionConfigurationPlatforms) = preSolution
		Debug|Any CPU = Debug|Any CPU
		Release|Any CPU = Release|Any CPU
	EndGlobalSection
	GlobalSection(ProjectConfigurationPlatforms) = postSolution
		{E9C04F36-34D1-4C95-BCC7-4354904D83FE}.Debug|Any CPU.ActiveCfg = Debug|Any CPU
		{E9C04F36-34D1-4C95-BCC7-4354904D83FE}.Debug|Any CPU.Build.0 = Debug|Any CPU
		{E9C04F36-34D1-4C95-BCC7-4354904D83FE}.Release|Any CPU.ActiveCfg = Release|Any CPU
		{E9C04F36-34D1-4C95-BCC7-4354904D83FE}.Release|Any CPU.Build.0 = Release|Any CPU
		{BDC41F89-2991-4A72-8EC3-A224AEB4B371}.Debug|Any CPU.ActiveCfg = Debug|Any CPU
		{BDC41F89-2991-4A72-8EC3-A224AEB4B371}.Debug|Any CPU.Build.0 = Debug|Any CPU
		{BDC41F89-2991-4A72-8EC3-A224AEB4B371}.Release|Any CPU.ActiveCfg = Release|Any CPU
		{BDC41F89-2991-4A72-8EC3-A224AEB4B371}.Release|Any CPU.Build.0 = Release|Any CPU
		{88241E2C-BD2E-4732-A83A-13E93B0BE4D5}.Debug|Any CPU.ActiveCfg = Debug|Any CPU
		{88241E2C-BD2E-4732-A83A-13E93B0BE4D5}.Debug|Any CPU.Build.0 = Debug|Any CPU
		{88241E2C-BD2E-4732-A83A-13E93B0BE4D5}.Release|Any CPU.ActiveCfg = Release|Any CPU
		{88241E2C-BD2E-4732-A83A-13E93B0BE4D5}.Release|Any CPU.Build.0 = Release|Any CPU
		{AAA68A9D-D481-4C43-9964-AD50FB882AAE}.Debug|Any CPU.ActiveCfg = Debug|Any CPU
		{AAA68A9D-D481-4C43-9964-AD50FB882AAE}.Debug|Any CPU.Build.0 = Debug|Any CPU
		{AAA68A9D-D481-4C43-9964-AD50FB882AAE}.Release|Any CPU.ActiveCfg = Release|Any CPU
		{AAA68A9D-D481-4C43-9964-AD50FB882AAE}.Release|Any CPU.Build.0 = Release|Any CPU
		{693B7C74-8555-4630-80FE-E8538DBFEEE0}.Debug|Any CPU.ActiveCfg = Debug|Any CPU
		{693B7C74-8555-4630-80FE-E8538DBFEEE0}.Debug|Any CPU.Build.0 = Debug|Any CPU
		{693B7C74-8555-4630-80FE-E8538DBFEEE0}.Release|Any CPU.ActiveCfg = Release|Any CPU
		{693B7C74-8555-4630-80FE-E8538DBFEEE0}.Release|Any CPU.Build.0 = Release|Any CPU
		{277F6B2B-9D51-405C-8432-1F5C52759E55}.Debug|Any CPU.ActiveCfg = Debug|Any CPU
		{277F6B2B-9D51-405C-8432-1F5C52759E55}.Debug|Any CPU.Build.0 = Debug|Any CPU
		{277F6B2B-9D51-405C-8432-1F5C52759E55}.Release|Any CPU.ActiveCfg = Release|Any CPU
		{277F6B2B-9D51-405C-8432-1F5C52759E55}.Release|Any CPU.Build.0 = Release|Any CPU
	EndGlobalSection
	GlobalSection(SolutionProperties) = preSolution
		HideSolutionNode = FALSE
	EndGlobalSection
	GlobalSection(ExtensibilityGlobals) = postSolution
		SolutionGuid = {31FC3205-1319-4654-AC7D-E849A194193A}
	EndGlobalSection
EndGlobal
